
Microsoft Visual Studio Solution File, Format Version 12.00
# Visual Studio Version 16
VisualStudioVersion = 16.0.29306.81
MinimumVisualStudioVersion = 10.0.40219.1
Project("{9A19103F-16F7-4668-BE54-9A1E7A4F7556}") = "ProjectsBC.Api", "ProjectsBC.Api\ProjectsBC.Api.csproj", "{F40A1B71-8EBE-439F-8B98-38091F192A3E}"
EndProject
Project("{9A19103F-16F7-4668-BE54-9A1E7A4F7556}") = "ProjectsBC.Domain.Entities", "ProjectsBC.Domain.Entities\ProjectsBC.Domain.Entities.csproj", "{BDD19947-B755-4439-838F-7823D312B940}"
EndProject
Project("{9A19103F-16F7-4668-BE54-9A1E7A4F7556}") = "ProjectsBC.Domain.Entities.Tests", "ProjectsBC.Domain.Entities.Tests\ProjectsBC.Domain.Entities.Tests.csproj", "{A3A9E077-D1CA-4D2A-8CCE-9FBB5A95568B}"
EndProject
Project("{9A19103F-16F7-4668-BE54-9A1E7A4F7556}") = "ProjectsBC.Infrastructure", "ProjectsBC.Infrastructure\ProjectsBC.Infrastructure.csproj", "{FA6DDE14-0B98-4FC6-984B-BF8039F7A0B0}"
EndProject
Project("{FAE04EC0-301F-11D3-BF4B-00C04F79EFBC}") = "ProjectsBC.Domain", "ProjectsBC.Domain\ProjectsBC.Domain.csproj", "{0CE50DBF-8B37-4ADD-AF52-4ACCD151F1B6}"
EndProject
Global
	GlobalSection(SolutionConfigurationPlatforms) = preSolution
		Debug|Any CPU = Debug|Any CPU
		Release|Any CPU = Release|Any CPU
	EndGlobalSection
	GlobalSection(ProjectConfigurationPlatforms) = postSolution
		{F40A1B71-8EBE-439F-8B98-38091F192A3E}.Debug|Any CPU.ActiveCfg = Debug|Any CPU
		{F40A1B71-8EBE-439F-8B98-38091F192A3E}.Debug|Any CPU.Build.0 = Debug|Any CPU
		{F40A1B71-8EBE-439F-8B98-38091F192A3E}.Release|Any CPU.ActiveCfg = Release|Any CPU
		{F40A1B71-8EBE-439F-8B98-38091F192A3E}.Release|Any CPU.Build.0 = Release|Any CPU
		{BDD19947-B755-4439-838F-7823D312B940}.Debug|Any CPU.ActiveCfg = Debug|Any CPU
		{BDD19947-B755-4439-838F-7823D312B940}.Debug|Any CPU.Build.0 = Debug|Any CPU
		{BDD19947-B755-4439-838F-7823D312B940}.Release|Any CPU.ActiveCfg = Release|Any CPU
		{BDD19947-B755-4439-838F-7823D312B940}.Release|Any CPU.Build.0 = Release|Any CPU
		{A3A9E077-D1CA-4D2A-8CCE-9FBB5A95568B}.Debug|Any CPU.ActiveCfg = Debug|Any CPU
		{A3A9E077-D1CA-4D2A-8CCE-9FBB5A95568B}.Debug|Any CPU.Build.0 = Debug|Any CPU
		{A3A9E077-D1CA-4D2A-8CCE-9FBB5A95568B}.Release|Any CPU.ActiveCfg = Release|Any CPU
		{A3A9E077-D1CA-4D2A-8CCE-9FBB5A95568B}.Release|Any CPU.Build.0 = Release|Any CPU
		{FA6DDE14-0B98-4FC6-984B-BF8039F7A0B0}.Debug|Any CPU.ActiveCfg = Debug|Any CPU
		{FA6DDE14-0B98-4FC6-984B-BF8039F7A0B0}.Debug|Any CPU.Build.0 = Debug|Any CPU
		{FA6DDE14-0B98-4FC6-984B-BF8039F7A0B0}.Release|Any CPU.ActiveCfg = Release|Any CPU
		{FA6DDE14-0B98-4FC6-984B-BF8039F7A0B0}.Release|Any CPU.Build.0 = Release|Any CPU
		{0CE50DBF-8B37-4ADD-AF52-4ACCD151F1B6}.Debug|Any CPU.ActiveCfg = Debug|Any CPU
		{0CE50DBF-8B37-4ADD-AF52-4ACCD151F1B6}.Debug|Any CPU.Build.0 = Debug|Any CPU
		{0CE50DBF-8B37-4ADD-AF52-4ACCD151F1B6}.Release|Any CPU.ActiveCfg = Release|Any CPU
		{0CE50DBF-8B37-4ADD-AF52-4ACCD151F1B6}.Release|Any CPU.Build.0 = Release|Any CPU
	EndGlobalSection
	GlobalSection(SolutionProperties) = preSolution
		HideSolutionNode = FALSE
	EndGlobalSection
	GlobalSection(ExtensibilityGlobals) = postSolution
		SolutionGuid = {DE2BC7A4-3551-4635-8EB9-67E54463181F}
	EndGlobalSection
EndGlobal
